
Microsoft Visual Studio Solution File, Format Version 12.00
# Visual Studio 15
VisualStudioVersion = 15.0.28307.168
MinimumVisualStudioVersion = 10.0.40219.1
Project("{262852C6-CD72-467D-83FE-5EEB1973A190}") = "wwwk4-744302", "wwwk4-744302\wwwk4-744302.jsproj", "{AE2A174B-8820-4E24-910A-4C2A57B55314}"
EndProject
Global
	GlobalSection(SolutionConfigurationPlatforms) = preSolution
		Debug|Any CPU = Debug|Any CPU
		Debug|ARM = Debug|ARM
		Debug|ARM64 = Debug|ARM64
		Debug|x64 = Debug|x64
		Debug|x86 = Debug|x86
		Release|Any CPU = Release|Any CPU
		Release|ARM = Release|ARM
		Release|ARM64 = Release|ARM64
		Release|x64 = Release|x64
		Release|x86 = Release|x86
	EndGlobalSection
	GlobalSection(ProjectConfigurationPlatforms) = postSolution
		{AE2A174B-8820-4E24-910A-4C2A57B55314}.Debug|Any CPU.ActiveCfg = Debug|Any CPU
		{AE2A174B-8820-4E24-910A-4C2A57B55314}.Debug|Any CPU.Build.0 = Debug|Any CPU
		{AE2A174B-8820-4E24-910A-4C2A57B55314}.Debug|Any CPU.Deploy.0 = Debug|Any CPU
		{AE2A174B-8820-4E24-910A-4C2A57B55314}.Debug|ARM.ActiveCfg = Debug|ARM
		{AE2A174B-8820-4E24-910A-4C2A57B55314}.Debug|ARM.Build.0 = Debug|ARM
		{AE2A174B-8820-4E24-910A-4C2A57B55314}.Debug|ARM.Deploy.0 = Debug|ARM
		{AE2A174B-8820-4E24-910A-4C2A57B55314}.Debug|ARM64.ActiveCfg = Debug|ARM64
		{AE2A174B-8820-4E24-910A-4C2A57B55314}.Debug|ARM64.Build.0 = Debug|ARM64
		{AE2A174B-8820-4E24-910A-4C2A57B55314}.Debug|ARM64.Deploy.0 = Debug|ARM64
		{AE2A174B-8820-4E24-910A-4C2A57B55314}.Debug|x64.ActiveCfg = Debug|x64
		{AE2A174B-8820-4E24-910A-4C2A57B55314}.Debug|x64.Build.0 = Debug|x64
		{AE2A174B-8820-4E24-910A-4C2A57B55314}.Debug|x64.Deploy.0 = Debug|x64
		{AE2A174B-8820-4E24-910A-4C2A57B55314}.Debug|x86.ActiveCfg = Debug|x86
		{AE2A174B-8820-4E24-910A-4C2A57B55314}.Debug|x86.Build.0 = Debug|x86
		{AE2A174B-8820-4E24-910A-4C2A57B55314}.Debug|x86.Deploy.0 = Debug|x86
		{AE2A174B-8820-4E24-910A-4C2A57B55314}.Release|Any CPU.ActiveCfg = Release|Any CPU
		{AE2A174B-8820-4E24-910A-4C2A57B55314}.Release|Any CPU.Build.0 = Release|Any CPU
		{AE2A174B-8820-4E24-910A-4C2A57B55314}.Release|Any CPU.Deploy.0 = Release|Any CPU
		{AE2A174B-8820-4E24-910A-4C2A57B55314}.Release|ARM.ActiveCfg = Release|ARM
		{AE2A174B-8820-4E24-910A-4C2A57B55314}.Release|ARM.Build.0 = Release|ARM
		{AE2A174B-8820-4E24-910A-4C2A57B55314}.Release|ARM.Deploy.0 = Release|ARM
		{AE2A174B-8820-4E24-910A-4C2A57B55314}.Release|ARM64.ActiveCfg = Release|ARM64
		{AE2A174B-8820-4E24-910A-4C2A57B55314}.Release|ARM64.Build.0 = Release|ARM64
		{AE2A174B-8820-4E24-910A-4C2A57B55314}.Release|ARM64.Deploy.0 = Release|ARM64
		{AE2A174B-8820-4E24-910A-4C2A57B55314}.Release|x64.ActiveCfg = Release|x64
		{AE2A174B-8820-4E24-910A-4C2A57B55314}.Release|x64.Build.0 = Release|x64
		{AE2A174B-8820-4E24-910A-4C2A57B55314}.Release|x64.Deploy.0 = Release|x64
		{AE2A174B-8820-4E24-910A-4C2A57B55314}.Release|x86.ActiveCfg = Release|x86
		{AE2A174B-8820-4E24-910A-4C2A57B55314}.Release|x86.Build.0 = Release|x86
		{AE2A174B-8820-4E24-910A-4C2A57B55314}.Release|x86.Deploy.0 = Release|x86
	EndGlobalSection
	GlobalSection(SolutionProperties) = preSolution
		HideSolutionNode = FALSE
	EndGlobalSection
	GlobalSection(ExtensibilityGlobals) = postSolution
		SolutionGuid = {4424295B-8546-4621-99B4-EF7EDBA398CF}
	EndGlobalSection
EndGlobal
